
Microsoft Visual Studio Solution File, Format Version 12.00
# Visual Studio Version 17
VisualStudioVersion = 17.8.34330.188
MinimumVisualStudioVersion = 10.0.40219.1
Project("{9A19103F-16F7-4668-BE54-9A1E7A4F7556}") = "FinancialManagement.Domain", "FinancialManagement.Domain\FinancialManagement.Domain.csproj", "{8D9FD0EA-A8D7-4A92-98A7-D633187C7285}"
EndProject
Project("{9A19103F-16F7-4668-BE54-9A1E7A4F7556}") = "FinancialManagement.Application", "FinancialManagement.Application\FinancialManagement.Application.csproj", "{994E3C33-9BBB-4AD3-90B7-43C6C8FCF8EF}"
EndProject
Project("{9A19103F-16F7-4668-BE54-9A1E7A4F7556}") = "FinancialManagement.Tests", "FinancialManagement.Tests\FinancialManagement.Tests.csproj", "{807F15A0-BBB9-4D81-93C4-71CD674889FC}"
EndProject
Project("{9A19103F-16F7-4668-BE54-9A1E7A4F7556}") = "FinancialManagement.Api", "FinancialManagement.Api\FinancialManagement.Api.csproj", "{1C9733DC-7E02-422E-B355-47A92419D22E}"
EndProject
Project("{9A19103F-16F7-4668-BE54-9A1E7A4F7556}") = "FinancialManagement.Infrastructure", "FinancialManagement.Infrastructure\FinancialManagement.Infrastructure.csproj", "{B2629AF2-A0E6-40E6-BAC5-6E0CB580A136}"
EndProject
Global
	GlobalSection(SolutionConfigurationPlatforms) = preSolution
		Debug|Any CPU = Debug|Any CPU
		Release|Any CPU = Release|Any CPU
	EndGlobalSection
	GlobalSection(ProjectConfigurationPlatforms) = postSolution
		{8D9FD0EA-A8D7-4A92-98A7-D633187C7285}.Debug|Any CPU.ActiveCfg = Debug|Any CPU
		{8D9FD0EA-A8D7-4A92-98A7-D633187C7285}.Debug|Any CPU.Build.0 = Debug|Any CPU
		{8D9FD0EA-A8D7-4A92-98A7-D633187C7285}.Release|Any CPU.ActiveCfg = Release|Any CPU
		{8D9FD0EA-A8D7-4A92-98A7-D633187C7285}.Release|Any CPU.Build.0 = Release|Any CPU
		{994E3C33-9BBB-4AD3-90B7-43C6C8FCF8EF}.Debug|Any CPU.ActiveCfg = Debug|Any CPU
		{994E3C33-9BBB-4AD3-90B7-43C6C8FCF8EF}.Debug|Any CPU.Build.0 = Debug|Any CPU
		{994E3C33-9BBB-4AD3-90B7-43C6C8FCF8EF}.Release|Any CPU.ActiveCfg = Release|Any CPU
		{994E3C33-9BBB-4AD3-90B7-43C6C8FCF8EF}.Release|Any CPU.Build.0 = Release|Any CPU
		{807F15A0-BBB9-4D81-93C4-71CD674889FC}.Debug|Any CPU.ActiveCfg = Debug|Any CPU
		{807F15A0-BBB9-4D81-93C4-71CD674889FC}.Debug|Any CPU.Build.0 = Debug|Any CPU
		{807F15A0-BBB9-4D81-93C4-71CD674889FC}.Release|Any CPU.ActiveCfg = Release|Any CPU
		{807F15A0-BBB9-4D81-93C4-71CD674889FC}.Release|Any CPU.Build.0 = Release|Any CPU
		{1C9733DC-7E02-422E-B355-47A92419D22E}.Debug|Any CPU.ActiveCfg = Debug|Any CPU
		{1C9733DC-7E02-422E-B355-47A92419D22E}.Debug|Any CPU.Build.0 = Debug|Any CPU
		{1C9733DC-7E02-422E-B355-47A92419D22E}.Release|Any CPU.ActiveCfg = Release|Any CPU
		{1C9733DC-7E02-422E-B355-47A92419D22E}.Release|Any CPU.Build.0 = Release|Any CPU
		{B2629AF2-A0E6-40E6-BAC5-6E0CB580A136}.Debug|Any CPU.ActiveCfg = Debug|Any CPU
		{B2629AF2-A0E6-40E6-BAC5-6E0CB580A136}.Debug|Any CPU.Build.0 = Debug|Any CPU
		{B2629AF2-A0E6-40E6-BAC5-6E0CB580A136}.Release|Any CPU.ActiveCfg = Release|Any CPU
		{B2629AF2-A0E6-40E6-BAC5-6E0CB580A136}.Release|Any CPU.Build.0 = Release|Any CPU
	EndGlobalSection
	GlobalSection(SolutionProperties) = preSolution
		HideSolutionNode = FALSE
	EndGlobalSection
	GlobalSection(ExtensibilityGlobals) = postSolution
		SolutionGuid = {0A320B29-6B3B-4DB8-855E-2EE357AA8615}
	EndGlobalSection
EndGlobal
